
Microsoft Visual Studio Solution File, Format Version 12.00
# Visual Studio Version 17
VisualStudioVersion = 17.1.32328.378
MinimumVisualStudioVersion = 10.0.40219.1
Project("{9A19103F-16F7-4668-BE54-9A1E7A4F7556}") = "Books", "Books\Books.csproj", "{931BB40C-27BF-4C4B-BB1C-580B05735661}"
EndProject
Project("{FAE04EC0-301F-11D3-BF4B-00C04F79EFBC}") = "Books.Test", "Books.Test\Books.Test.csproj", "{C9BF2326-E8E2-484B-AA3D-99B5E90325DF}"
EndProject
Global
	GlobalSection(SolutionConfigurationPlatforms) = preSolution
		Debug|Any CPU = Debug|Any CPU
		Release|Any CPU = Release|Any CPU
	EndGlobalSection
	GlobalSection(ProjectConfigurationPlatforms) = postSolution
		{931BB40C-27BF-4C4B-BB1C-580B05735661}.Debug|Any CPU.ActiveCfg = Debug|Any CPU
		{931BB40C-27BF-4C4B-BB1C-580B05735661}.Debug|Any CPU.Build.0 = Debug|Any CPU
		{931BB40C-27BF-4C4B-BB1C-580B05735661}.Release|Any CPU.ActiveCfg = Release|Any CPU
		{931BB40C-27BF-4C4B-BB1C-580B05735661}.Release|Any CPU.Build.0 = Release|Any CPU
		{C9BF2326-E8E2-484B-AA3D-99B5E90325DF}.Debug|Any CPU.ActiveCfg = Debug|Any CPU
		{C9BF2326-E8E2-484B-AA3D-99B5E90325DF}.Debug|Any CPU.Build.0 = Debug|Any CPU
		{C9BF2326-E8E2-484B-AA3D-99B5E90325DF}.Release|Any CPU.ActiveCfg = Release|Any CPU
		{C9BF2326-E8E2-484B-AA3D-99B5E90325DF}.Release|Any CPU.Build.0 = Release|Any CPU
	EndGlobalSection
	GlobalSection(SolutionProperties) = preSolution
		HideSolutionNode = FALSE
	EndGlobalSection
	GlobalSection(ExtensibilityGlobals) = postSolution
		SolutionGuid = {B17036FF-BC53-4E6B-86D8-0A00C3F677DB}
	EndGlobalSection
EndGlobal
